// !$*UTF8*$!
{
	archiveVersion = 1;
	classes = {
	};
	objectVersion = 77;
	objects = {

/* Begin PBXContainerItemProxy section */
		F105810A2CC88FAA00E86B0C /* PBXContainerItemProxy */ = {
			isa = PBXContainerItemProxy;
			containerPortal = F10580F12CC88F9A00E86B0C /* Project object */;
			proxyType = 1;
			remoteGlobalIDString = F10580F82CC88F9A00E86B0C;
			remoteInfo = LazySegmentPage;
		};
		F10581142CC88FAA00E86B0C /* PBXContainerItemProxy */ = {
			isa = PBXContainerItemProxy;
			containerPortal = F10580F12CC88F9A00E86B0C /* Project object */;
			proxyType = 1;
			remoteGlobalIDString = F10580F82CC88F9A00E86B0C;
			remoteInfo = LazySegmentPage;
		};
/* End PBXContainerItemProxy section */

/* Begin PBXFileReference section */
		F10580F92CC88F9A00E86B0C /* LazySegmentPage.app */ = {isa = PBXFileReference; explicitFileType = wrapper.application; includeInIndex = 0; path = LazySegmentPage.app; sourceTree = BUILT_PRODUCTS_DIR; };
		F10581092CC88FAA00E86B0C /* LazySegmentPageTests.xctest */ = {isa = PBXFileReference; explicitFileType = wrapper.cfbundle; includeInIndex = 0; path = LazySegmentPageTests.xctest; sourceTree = BUILT_PRODUCTS_DIR; };
		F10581132CC88FAA00E86B0C /* LazySegmentPageUITests.xctest */ = {isa = PBXFileReference; explicitFileType = wrapper.cfbundle; includeInIndex = 0; path = LazySegmentPageUITests.xctest; sourceTree = BUILT_PRODUCTS_DIR; };
/* End PBXFileReference section */

/* Begin PBXFileSystemSynchronizedRootGroup section */
		F10580FB2CC88F9A00E86B0C /* LazySegmentPage */ = {
			isa = PBXFileSystemSynchronizedRootGroup;
			path = LazySegmentPage;
			sourceTree = "<group>";
		};
		F105810C2CC88FAA00E86B0C /* LazySegmentPageTests */ = {
			isa = PBXFileSystemSynchronizedRootGroup;
			path = LazySegmentPageTests;
			sourceTree = "<group>";
		};
		F10581162CC88FAA00E86B0C /* LazySegmentPageUITests */ = {
			isa = PBXFileSystemSynchronizedRootGroup;
			path = LazySegmentPageUITests;
			sourceTree = "<group>";
		};
/* End PBXFileSystemSynchronizedRootGroup section */

/* Begin PBXFrameworksBuildPhase section */
		F10580F62CC88F9A00E86B0C /* Frameworks */ = {
			isa = PBXFrameworksBuildPhase;
			buildActionMask = 2147483647;
			files = (
			);
			runOnlyForDeploymentPostprocessing = 0;
		};
		F10581062CC88FAA00E86B0C /* Frameworks */ = {
			isa = PBXFrameworksBuildPhase;
			buildActionMask = 2147483647;
			files = (
			);
			runOnlyForDeploymentPostprocessing = 0;
		};
		F10581102CC88FAA00E86B0C /* Frameworks */ = {
			isa = PBXFrameworksBuildPhase;
			buildActionMask = 2147483647;
			files = (
			);
			runOnlyForDeploymentPostprocessing = 0;
		};
/* End PBXFrameworksBuildPhase section */

/* Begin PBXGroup section */
		F10580F02CC88F9A00E86B0C = {
			isa = PBXGroup;
			children = (
				F10580FB2CC88F9A00E86B0C /* LazySegmentPage */,
				F105810C2CC88FAA00E86B0C /* LazySegmentPageTests */,
				F10581162CC88FAA00E86B0C /* LazySegmentPageUITests */,
				F10580FA2CC88F9A00E86B0C /* Products */,
			);
			sourceTree = "<group>";
		};
		F10580FA2CC88F9A00E86B0C /* Products */ = {
			isa = PBXGroup;
			children = (
				F10580F92CC88F9A00E86B0C /* LazySegmentPage.app */,
				F10581092CC88FAA00E86B0C /* LazySegmentPageTests.xctest */,
				F10581132CC88FAA00E86B0C /* LazySegmentPageUITests.xctest */,
			);
			name = Products;
			sourceTree = "<group>";
		};
/* End PBXGroup section */

/* Begin PBXNativeTarget section */
		F10580F82CC88F9A00E86B0C /* LazySegmentPage */ = {
			isa = PBXNativeTarget;
			buildConfigurationList = F105811D2CC88FAA00E86B0C /* Build configuration list for PBXNativeTarget "LazySegmentPage" */;
			buildPhases = (
				F10580F52CC88F9A00E86B0C /* Sources */,
				F10580F62CC88F9A00E86B0C /* Frameworks */,
				F10580F72CC88F9A00E86B0C /* Resources */,
			);
			buildRules = (
			);
			dependencies = (
			);
			fileSystemSynchronizedGroups = (
				F10580FB2CC88F9A00E86B0C /* LazySegmentPage */,
			);
			name = LazySegmentPage;
			packageProductDependencies = (
			);
			productName = LazySegmentPage;
			productReference = F10580F92CC88F9A00E86B0C /* LazySegmentPage.app */;
			productType = "com.apple.product-type.application";
		};
		F10581082CC88FAA00E86B0C /* LazySegmentPageTests */ = {
			isa = PBXNativeTarget;
			buildConfigurationList = F10581202CC88FAA00E86B0C /* Build configuration list for PBXNativeTarget "LazySegmentPageTests" */;
			buildPhases = (
				F10581052CC88FAA00E86B0C /* Sources */,
				F10581062CC88FAA00E86B0C /* Frameworks */,
				F10581072CC88FAA00E86B0C /* Resources */,
			);
			buildRules = (
			);
			dependencies = (
				F105810B2CC88FAA00E86B0C /* PBXTargetDependency */,
			);
			fileSystemSynchronizedGroups = (
				F105810C2CC88FAA00E86B0C /* LazySegmentPageTests */,
			);
			name = LazySegmentPageTests;
			packageProductDependencies = (
			);
			productName = LazySegmentPageTests;
			productReference = F10581092CC88FAA00E86B0C /* LazySegmentPageTests.xctest */;
			productType = "com.apple.product-type.bundle.unit-test";
		};
		F10581122CC88FAA00E86B0C /* LazySegmentPageUITests */ = {
			isa = PBXNativeTarget;
			buildConfigurationList = F10581232CC88FAA00E86B0C /* Build configuration list for PBXNativeTarget "LazySegmentPageUITests" */;
			buildPhases = (
				F105810F2CC88FAA00E86B0C /* Sources */,
				F10581102CC88FAA00E86B0C /* Frameworks */,
				F10581112CC88FAA00E86B0C /* Resources */,
			);
			buildRules = (
			);
			dependencies = (
				F10581152CC88FAA00E86B0C /* PBXTargetDependency */,
			);
			fileSystemSynchronizedGroups = (
				F10581162CC88FAA00E86B0C /* LazySegmentPageUITests */,
			);
			name = LazySegmentPageUITests;
			packageProductDependencies = (
			);
			productName = LazySegmentPageUITests;
			productReference = F10581132CC88FAA00E86B0C /* LazySegmentPageUITests.xctest */;
			productType = "com.apple.product-type.bundle.ui-testing";
		};
/* End PBXNativeTarget section */

/* Begin PBXProject section */
		F10580F12CC88F9A00E86B0C /* Project object */ = {
			isa = PBXProject;
			attributes = {
				BuildIndependentTargetsInParallel = 1;
				LastSwiftUpdateCheck = 1600;
				LastUpgradeCheck = 1600;
				TargetAttributes = {
					F10580F82CC88F9A00E86B0C = {
						CreatedOnToolsVersion = 16.0;
					};
					F10581082CC88FAA00E86B0C = {
						CreatedOnToolsVersion = 16.0;
						TestTargetID = F10580F82CC88F9A00E86B0C;
					};
					F10581122CC88FAA00E86B0C = {
						CreatedOnToolsVersion = 16.0;
						TestTargetID = F10580F82CC88F9A00E86B0C;
					};
				};
			};
			buildConfigurationList = F10580F42CC88F9A00E86B0C /* Build configuration list for PBXProject "LazySegmentPage" */;
			developmentRegion = en;
			hasScannedForEncodings = 0;
			knownRegions = (
				en,
				Base,
			);
			mainGroup = F10580F02CC88F9A00E86B0C;
			minimizedProjectReferenceProxies = 1;
			preferredProjectObjectVersion = 77;
			productRefGroup = F10580FA2CC88F9A00E86B0C /* Products */;
			projectDirPath = "";
			projectRoot = "";
			targets = (
				F10580F82CC88F9A00E86B0C /* LazySegmentPage */,
				F10581082CC88FAA00E86B0C /* LazySegmentPageTests */,
				F10581122CC88FAA00E86B0C /* LazySegmentPageUITests */,
			);
		};
/* End PBXProject section */

/* Begin PBXResourcesBuildPhase section */
		F10580F72CC88F9A00E86B0C /* Resources */ = {
			isa = PBXResourcesBuildPhase;
			buildActionMask = 2147483647;
			files = (
			);
			runOnlyForDeploymentPostprocessing = 0;
		};
		F10581072CC88FAA00E86B0C /* Resources */ = {
			isa = PBXResourcesBuildPhase;
			buildActionMask = 2147483647;
			files = (
			);
			runOnlyForDeploymentPostprocessing = 0;
		};
		F10581112CC88FAA00E86B0C /* Resources */ = {
			isa = PBXResourcesBuildPhase;
			buildActionMask = 2147483647;
			files = (
			);
			runOnlyForDeploymentPostprocessing = 0;
		};
/* End PBXResourcesBuildPhase section */

/* Begin PBXSourcesBuildPhase section */
		F10580F52CC88F9A00E86B0C /* Sources */ = {
			isa = PBXSourcesBuildPhase;
			buildActionMask = 2147483647;
			files = (
			);
			runOnlyForDeploymentPostprocessing = 0;
		};
		F10581052CC88FAA00E86B0C /* Sources */ = {
			isa = PBXSourcesBuildPhase;
			buildActionMask = 2147483647;
			files = (
			);
			runOnlyForDeploymentPostprocessing = 0;
		};
		F105810F2CC88FAA00E86B0C /* Sources */ = {
			isa = PBXSourcesBuildPhase;
			buildActionMask = 2147483647;
			files = (
			);
			runOnlyForDeploymentPostprocessing = 0;
		};
/* End PBXSourcesBuildPhase section */

/* Begin PBXTargetDependency section */
		F105810B2CC88FAA00E86B0C /* PBXTargetDependency */ = {
			isa = PBXTargetDependency;
			target = F10580F82CC88F9A00E86B0C /* LazySegmentPage */;
			targetProxy = F105810A2CC88FAA00E86B0C /* PBXContainerItemProxy */;
		};
		F10581152CC88FAA00E86B0C /* PBXTargetDependency */ = {
			isa = PBXTargetDependency;
			target = F10580F82CC88F9A00E86B0C /* LazySegmentPage */;
			targetProxy = F10581142CC88FAA00E86B0C /* PBXContainerItemProxy */;
		};
/* End PBXTargetDependency section */

/* Begin XCBuildConfiguration section */
		F105811B2CC88FAA00E86B0C /* Debug */ = {
			isa = XCBuildConfiguration;
			buildSettings = {
				ALWAYS_SEARCH_USER_PATHS = NO;
				ASSETCATALOG_COMPILER_GENERATE_SWIFT_ASSET_SYMBOL_EXTENSIONS = YES;
				CLANG_ANALYZER_NONNULL = YES;
				CLANG_ANALYZER_NUMBER_OBJECT_CONVERSION = YES_AGGRESSIVE;
				CLANG_CXX_LANGUAGE_STANDARD = "gnu++20";
				CLANG_ENABLE_MODULES = YES;
				CLANG_ENABLE_OBJC_ARC = YES;
				CLANG_ENABLE_OBJC_WEAK = YES;
				CLANG_WARN_BLOCK_CAPTURE_AUTORELEASING = YES;
				CLANG_WARN_BOOL_CONVERSION = YES;
				CLANG_WARN_COMMA = YES;
				CLANG_WARN_CONSTANT_CONVERSION = YES;
				CLANG_WARN_DEPRECATED_OBJC_IMPLEMENTATIONS = YES;
				CLANG_WARN_DIRECT_OBJC_ISA_USAGE = YES_ERROR;
				CLANG_WARN_DOCUMENTATION_COMMENTS = YES;
				CLANG_WARN_EMPTY_BODY = YES;
				CLANG_WARN_ENUM_CONVERSION = YES;
				CLANG_WARN_INFINITE_RECURSION = YES;
				CLANG_WARN_INT_CONVERSION = YES;
				CLANG_WARN_NON_LITERAL_NULL_CONVERSION = YES;
				CLANG_WARN_OBJC_IMPLICIT_RETAIN_SELF = YES;
				CLANG_WARN_OBJC_LITERAL_CONVERSION = YES;
				CLANG_WARN_OBJC_ROOT_CLASS = YES_ERROR;
				CLANG_WARN_QUOTED_INCLUDE_IN_FRAMEWORK_HEADER = YES;
				CLANG_WARN_RANGE_LOOP_ANALYSIS = YES;
				CLANG_WARN_STRICT_PROTOTYPES = YES;
				CLANG_WARN_SUSPICIOUS_MOVE = YES;
				CLANG_WARN_UNGUARDED_AVAILABILITY = YES_AGGRESSIVE;
				CLANG_WARN_UNREACHABLE_CODE = YES;
				CLANG_WARN__DUPLICATE_METHOD_MATCH = YES;
				COPY_PHASE_STRIP = NO;
				DEBUG_INFORMATION_FORMAT = dwarf;
				ENABLE_STRICT_OBJC_MSGSEND = YES;
				ENABLE_TESTABILITY = YES;
				ENABLE_USER_SCRIPT_SANDBOXING = YES;
				GCC_C_LANGUAGE_STANDARD = gnu17;
				GCC_DYNAMIC_NO_PIC = NO;
				GCC_NO_COMMON_BLOCKS = YES;
				GCC_OPTIMIZATION_LEVEL = 0;
				GCC_PREPROCESSOR_DEFINITIONS = (
					"DEBUG=1",
					"$(inherited)",
				);
				GCC_WARN_64_TO_32_BIT_CONVERSION = YES;
				GCC_WARN_ABOUT_RETURN_TYPE = YES_ERROR;
				GCC_WARN_UNDECLARED_SELECTOR = YES;
				GCC_WARN_UNINITIALIZED_AUTOS = YES_AGGRESSIVE;
				GCC_WARN_UNUSED_FUNCTION = YES;
				GCC_WARN_UNUSED_VARIABLE = YES;
				IPHONEOS_DEPLOYMENT_TARGET = 18.0;
				LOCALIZATION_PREFERS_STRING_CATALOGS = YES;
				MTL_ENABLE_DEBUG_INFO = INCLUDE_SOURCE;
				MTL_FAST_MATH = YES;
				ONLY_ACTIVE_ARCH = YES;
				SDKROOT = iphoneos;
				SWIFT_ACTIVE_COMPILATION_CONDITIONS = "DEBUG $(inherited)";
				SWIFT_OPTIMIZATION_LEVEL = "-Onone";
			};
			name = Debug;
		};
		F105811C2CC88FAA00E86B0C /* Release */ = {
			isa = XCBuildConfiguration;
			buildSettings = {
				ALWAYS_SEARCH_USER_PATHS = NO;
				ASSETCATALOG_COMPILER_GENERATE_SWIFT_ASSET_SYMBOL_EXTENSIONS = YES;
				CLANG_ANALYZER_NONNULL = YES;
				CLANG_ANALYZER_NUMBER_OBJECT_CONVERSION = YES_AGGRESSIVE;
				CLANG_CXX_LANGUAGE_STANDARD = "gnu++20";
				CLANG_ENABLE_MODULES = YES;
				CLANG_ENABLE_OBJC_ARC = YES;
				CLANG_ENABLE_OBJC_WEAK = YES;
				CLANG_WARN_BLOCK_CAPTURE_AUTORELEASING = YES;
				CLANG_WARN_BOOL_CONVERSION = YES;
				CLANG_WARN_COMMA = YES;
				CLANG_WARN_CONSTANT_CONVERSION = YES;
				CLANG_WARN_DEPRECATED_OBJC_IMPLEMENTATIONS = YES;
				CLANG_WARN_DIRECT_OBJC_ISA_USAGE = YES_ERROR;
				CLANG_WARN_DOCUMENTATION_COMMENTS = YES;
				CLANG_WARN_EMPTY_BODY = YES;
				CLANG_WARN_ENUM_CONVERSION = YES;
				CLANG_WARN_INFINITE_RECURSION = YES;
				CLANG_WARN_INT_CONVERSION = YES;
				CLANG_WARN_NON_LITERAL_NULL_CONVERSION = YES;
				CLANG_WARN_OBJC_IMPLICIT_RETAIN_SELF = YES;
				CLANG_WARN_OBJC_LITERAL_CONVERSION = YES;
				CLANG_WARN_OBJC_ROOT_CLASS = YES_ERROR;
				CLANG_WARN_QUOTED_INCLUDE_IN_FRAMEWORK_HEADER = YES;
				CLANG_WARN_RANGE_LOOP_ANALYSIS = YES;
				CLANG_WARN_STRICT_PROTOTYPES = YES;
				CLANG_WARN_SUSPICIOUS_MOVE = YES;
				CLANG_WARN_UNGUARDED_AVAILABILITY = YES_AGGRESSIVE;
				CLANG_WARN_UNREACHABLE_CODE = YES;
				CLANG_WARN__DUPLICATE_METHOD_MATCH = YES;
				COPY_PHASE_STRIP = NO;
				DEBUG_INFORMATION_FORMAT = "dwarf-with-dsym";
				ENABLE_NS_ASSERTIONS = NO;
				ENABLE_STRICT_OBJC_MSGSEND = YES;
				ENABLE_USER_SCRIPT_SANDBOXING = YES;
				GCC_C_LANGUAGE_STANDARD = gnu17;
				GCC_NO_COMMON_BLOCKS = YES;
				GCC_WARN_64_TO_32_BIT_CONVERSION = YES;
				GCC_WARN_ABOUT_RETURN_TYPE = YES_ERROR;
				GCC_WARN_UNDECLARED_SELECTOR = YES;
				GCC_WARN_UNINITIALIZED_AUTOS = YES_AGGRESSIVE;
				GCC_WARN_UNUSED_FUNCTION = YES;
				GCC_WARN_UNUSED_VARIABLE = YES;
				IPHONEOS_DEPLOYMENT_TARGET = 18.0;
				LOCALIZATION_PREFERS_STRING_CATALOGS = YES;
				MTL_ENABLE_DEBUG_INFO = NO;
				MTL_FAST_MATH = YES;
				SDKROOT = iphoneos;
				SWIFT_COMPILATION_MODE = wholemodule;
				VALIDATE_PRODUCT = YES;
			};
			name = Release;
		};
		F105811E2CC88FAA00E86B0C /* Debug */ = {
			isa = XCBuildConfiguration;
			buildSettings = {
				ASSETCATALOG_COMPILER_APPICON_NAME = AppIcon;
				ASSETCATALOG_COMPILER_GLOBAL_ACCENT_COLOR_NAME = AccentColor;
				CODE_SIGN_STYLE = Automatic;
				CURRENT_PROJECT_VERSION = 1;
				DEVELOPMENT_ASSET_PATHS = "\"LazySegmentPage/Preview Content\"";
				DEVELOPMENT_TEAM = 2JSKY93FHH;
				ENABLE_PREVIEWS = YES;
				GENERATE_INFOPLIST_FILE = YES;
				INFOPLIST_KEY_UIApplicationSceneManifest_Generation = YES;
				INFOPLIST_KEY_UIApplicationSupportsIndirectInputEvents = YES;
				INFOPLIST_KEY_UILaunchScreen_Generation = YES;
				INFOPLIST_KEY_UISupportedInterfaceOrientations_iPad = "UIInterfaceOrientationPortrait UIInterfaceOrientationPortraitUpsideDown UIInterfaceOrientationLandscapeLeft UIInterfaceOrientationLandscapeRight";
				INFOPLIST_KEY_UISupportedInterfaceOrientations_iPhone = "UIInterfaceOrientationPortrait UIInterfaceOrientationLandscapeLeft UIInterfaceOrientationLandscapeRight";
				IPHONEOS_DEPLOYMENT_TARGET = 15.6;
				LD_RUNPATH_SEARCH_PATHS = (
					"$(inherited)",
					"@executable_path/Frameworks",
				);
				MARKETING_VERSION = 1.0;
				PRODUCT_BUNDLE_IDENTIFIER = sdcs.LazySegmentPage;
				PRODUCT_NAME = "$(TARGET_NAME)";
				SWIFT_EMIT_LOC_STRINGS = YES;
				SWIFT_VERSION = 5.0;
				TARGETED_DEVICE_FAMILY = "1,2";
			};
			name = Debug;
		};
		F105811F2CC88FAA00E86B0C /* Release */ = {
			isa = XCBuildConfiguration;
			buildSettings = {
				ASSETCATALOG_COMPILER_APPICON_NAME = AppIcon;
				ASSETCATALOG_COMPILER_GLOBAL_ACCENT_COLOR_NAME = AccentColor;
				CODE_SIGN_STYLE = Automatic;
				CURRENT_PROJECT_VERSION = 1;
				DEVELOPMENT_ASSET_PATHS = "\"LazySegmentPage/Preview Content\"";
				DEVELOPMENT_TEAM = 2JSKY93FHH;
				ENABLE_PREVIEWS = YES;
				GENERATE_INFOPLIST_FILE = YES;
				INFOPLIST_KEY_UIApplicationSceneManifest_Generation = YES;
				INFOPLIST_KEY_UIApplicationSupportsIndirectInputEvents = YES;
				INFOPLIST_KEY_UILaunchScreen_Generation = YES;
				INFOPLIST_KEY_UISupportedInterfaceOrientations_iPad = "UIInterfaceOrientationPortrait UIInterfaceOrientationPortraitUpsideDown UIInterfaceOrientationLandscapeLeft UIInterfaceOrientationLandscapeRight";
				INFOPLIST_KEY_UISupportedInterfaceOrientations_iPhone = "UIInterfaceOrientationPortrait UIInterfaceOrientationLandscapeLeft UIInterfaceOrientationLandscapeRight";
				IPHONEOS_DEPLOYMENT_TARGET = 15.6;
				LD_RUNPATH_SEARCH_PATHS = (
					"$(inherited)",
					"@executable_path/Frameworks",
				);
				MARKETING_VERSION = 1.0;
				PRODUCT_BUNDLE_IDENTIFIER = sdcs.LazySegmentPage;
				PRODUCT_NAME = "$(TARGET_NAME)";
				SWIFT_EMIT_LOC_STRINGS = YES;
				SWIFT_VERSION = 5.0;
				TARGETED_DEVICE_FAMILY = "1,2";
			};
			name = Release;
		};
		F10581212CC88FAA00E86B0C /* Debug */ = {
			isa = XCBuildConfiguration;
			buildSettings = {
				BUNDLE_LOADER = "$(TEST_HOST)";
				CODE_SIGN_STYLE = Automatic;
				CURRENT_PROJECT_VERSION = 1;
				DEVELOPMENT_TEAM = 2JSKY93FHH;
				GENERATE_INFOPLIST_FILE = YES;
				IPHONEOS_DEPLOYMENT_TARGET = 18.0;
				MARKETING_VERSION = 1.0;
				PRODUCT_BUNDLE_IDENTIFIER = sdcs.LazySegmentPageTests;
				PRODUCT_NAME = "$(TARGET_NAME)";
				SWIFT_EMIT_LOC_STRINGS = NO;
				SWIFT_VERSION = 5.0;
				TARGETED_DEVICE_FAMILY = "1,2";
				TEST_HOST = "$(BUILT_PRODUCTS_DIR)/LazySegmentPage.app/$(BUNDLE_EXECUTABLE_FOLDER_PATH)/LazySegmentPage";
			};
			name = Debug;
		};
		F10581222CC88FAA00E86B0C /* Release */ = {
			isa = XCBuildConfiguration;
			buildSettings = {
				BUNDLE_LOADER = "$(TEST_HOST)";
				CODE_SIGN_STYLE = Automatic;
				CURRENT_PROJECT_VERSION = 1;
				DEVELOPMENT_TEAM = 2JSKY93FHH;
				GENERATE_INFOPLIST_FILE = YES;
				IPHONEOS_DEPLOYMENT_TARGET = 18.0;
				MARKETING_VERSION = 1.0;
				PRODUCT_BUNDLE_IDENTIFIER = sdcs.LazySegmentPageTests;
				PRODUCT_NAME = "$(TARGET_NAME)";
				SWIFT_EMIT_LOC_STRINGS = NO;
				SWIFT_VERSION = 5.0;
				TARGETED_DEVICE_FAMILY = "1,2";
				TEST_HOST = "$(BUILT_PRODUCTS_DIR)/LazySegmentPage.app/$(BUNDLE_EXECUTABLE_FOLDER_PATH)/LazySegmentPage";
			};
			name = Release;
		};
		F10581242CC88FAA00E86B0C /* Debug */ = {
			isa = XCBuildConfiguration;
			buildSettings = {
				CODE_SIGN_STYLE = Automatic;
				CURRENT_PROJECT_VERSION = 1;
				DEVELOPMENT_TEAM = 2JSKY93FHH;
				GENERATE_INFOPLIST_FILE = YES;
				MARKETING_VERSION = 1.0;
				PRODUCT_BUNDLE_IDENTIFIER = sdcs.LazySegmentPageUITests;
				PRODUCT_NAME = "$(TARGET_NAME)";
				SWIFT_EMIT_LOC_STRINGS = NO;
				SWIFT_VERSION = 5.0;
				TARGETED_DEVICE_FAMILY = "1,2";
				TEST_TARGET_NAME = LazySegmentPage;
			};
			name = Debug;
		};
		F10581252CC88FAA00E86B0C /* Release */ = {
			isa = XCBuildConfiguration;
			buildSettings = {
				CODE_SIGN_STYLE = Automatic;
				CURRENT_PROJECT_VERSION = 1;
				DEVELOPMENT_TEAM = 2JSKY93FHH;
				GENERATE_INFOPLIST_FILE = YES;
				MARKETING_VERSION = 1.0;
				PRODUCT_BUNDLE_IDENTIFIER = sdcs.LazySegmentPageUITests;
				PRODUCT_NAME = "$(TARGET_NAME)";
				SWIFT_EMIT_LOC_STRINGS = NO;
				SWIFT_VERSION = 5.0;
				TARGETED_DEVICE_FAMILY = "1,2";
				TEST_TARGET_NAME = LazySegmentPage;
			};
			name = Release;
		};
/* End XCBuildConfiguration section */

/* Begin XCConfigurationList section */
		F10580F42CC88F9A00E86B0C /* Build configuration list for PBXProject "LazySegmentPage" */ = {
			isa = XCConfigurationList;
			buildConfigurations = (
				F105811B2CC88FAA00E86B0C /* Debug */,
				F105811C2CC88FAA00E86B0C /* Release */,
			);
			defaultConfigurationIsVisible = 0;
			defaultConfigurationName = Release;
		};
		F105811D2CC88FAA00E86B0C /* Build configuration list for PBXNativeTarget "LazySegmentPage" */ = {
			isa = XCConfigurationList;
			buildConfigurations = (
				F105811E2CC88FAA00E86B0C /* Debug */,
				F105811F2CC88FAA00E86B0C /* Release */,
			);
			defaultConfigurationIsVisible = 0;
			defaultConfigurationName = Release;
		};
		F10581202CC88FAA00E86B0C /* Build configuration list for PBXNativeTarget "LazySegmentPageTests" */ = {
			isa = XCConfigurationList;
			buildConfigurations = (
				F10581212CC88FAA00E86B0C /* Debug */,
				F10581222CC88FAA00E86B0C /* Release */,
			);
			defaultConfigurationIsVisible = 0;
			defaultConfigurationName = Release;
		};
		F10581232CC88FAA00E86B0C /* Build configuration list for PBXNativeTarget "LazySegmentPageUITests" */ = {
			isa = XCConfigurationList;
			buildConfigurations = (
				F10581242CC88FAA00E86B0C /* Debug */,
				F10581252CC88FAA00E86B0C /* Release */,
			);
			defaultConfigurationIsVisible = 0;
			defaultConfigurationName = Release;
		};
/* End XCConfigurationList section */
	};
	rootObject = F10580F12CC88F9A00E86B0C /* Project object */;
}
